// !$*UTF8*$!
{
	archiveVersion = 1;
	classes = {
	};
	objectVersion = 46;
	objects = {

/* Begin PBXBuildFile section */
		8332FC9A1C6C676E000B0E63 /* AppDelegate.swift in Sources */ = {isa = PBXBuildFile; fileRef = 8332FC991C6C676E000B0E63 /* AppDelegate.swift */; };
		8332FC9F1C6C676E000B0E63 /* Main.storyboard in Resources */ = {isa = PBXBuildFile; fileRef = 8332FC9D1C6C676E000B0E63 /* Main.storyboard */; };
		8332FCA21C6C676E000B0E63 /* Swift_Life.xcdatamodeld in Sources */ = {isa = PBXBuildFile; fileRef = 8332FCA01C6C676E000B0E63 /* Swift_Life.xcdatamodeld */; };
		8332FCA41C6C676E000B0E63 /* Assets.xcassets in Resources */ = {isa = PBXBuildFile; fileRef = 8332FCA31C6C676E000B0E63 /* Assets.xcassets */; };
		8332FCA71C6C676E000B0E63 /* LaunchScreen.storyboard in Resources */ = {isa = PBXBuildFile; fileRef = 8332FCA51C6C676E000B0E63 /* LaunchScreen.storyboard */; };
		8332FCB21C6C676F000B0E63 /* Swift_LifeTests.swift in Sources */ = {isa = PBXBuildFile; fileRef = 8332FCB11C6C676F000B0E63 /* Swift_LifeTests.swift */; };
		8332FCBD1C6C676F000B0E63 /* Swift_LifeUITests.swift in Sources */ = {isa = PBXBuildFile; fileRef = 8332FCBC1C6C676F000B0E63 /* Swift_LifeUITests.swift */; };
		8332FCD31C6D597D000B0E63 /* Board.swift in Sources */ = {isa = PBXBuildFile; fileRef = 8332FCD21C6D597D000B0E63 /* Board.swift */; };
		8332FCD71C6D5B74000B0E63 /* Matrix.swift in Sources */ = {isa = PBXBuildFile; fileRef = 8332FCD61C6D5B74000B0E63 /* Matrix.swift */; };
		8332FCD91C6D5CA9000B0E63 /* Cell.swift in Sources */ = {isa = PBXBuildFile; fileRef = 8332FCD81C6D5CA9000B0E63 /* Cell.swift */; };
		8388E82A1C7167A400945B17 /* BoardView.swift in Sources */ = {isa = PBXBuildFile; fileRef = 8388E8291C7167A300945B17 /* BoardView.swift */; };
		8388E82C1C71689600945B17 /* GameVC.swift in Sources */ = {isa = PBXBuildFile; fileRef = 8388E82B1C71689600945B17 /* GameVC.swift */; };
/* End PBXBuildFile section */

/* Begin PBXContainerItemProxy section */
		8332FCAE1C6C676F000B0E63 /* PBXContainerItemProxy */ = {
			isa = PBXContainerItemProxy;
			containerPortal = 8332FC8E1C6C676E000B0E63 /* Project object */;
			proxyType = 1;
			remoteGlobalIDString = 8332FC951C6C676E000B0E63;
			remoteInfo = Swift_Life;
		};
		8332FCB91C6C676F000B0E63 /* PBXContainerItemProxy */ = {
			isa = PBXContainerItemProxy;
			containerPortal = 8332FC8E1C6C676E000B0E63 /* Project object */;
			proxyType = 1;
			remoteGlobalIDString = 8332FC951C6C676E000B0E63;
			remoteInfo = Swift_Life;
		};
/* End PBXContainerItemProxy section */

/* Begin PBXFileReference section */
		8332FC961C6C676E000B0E63 /* Swift_Life.app */ = {isa = PBXFileReference; explicitFileType = wrapper.application; includeInIndex = 0; path = Swift_Life.app; sourceTree = BUILT_PRODUCTS_DIR; };
		8332FC991C6C676E000B0E63 /* AppDelegate.swift */ = {isa = PBXFileReference; lastKnownFileType = sourcecode.swift; path = AppDelegate.swift; sourceTree = "<group>"; };
		8332FC9E1C6C676E000B0E63 /* Base */ = {isa = PBXFileReference; lastKnownFileType = file.storyboard; name = Base; path = Base.lproj/Main.storyboard; sourceTree = "<group>"; };
		8332FCA11C6C676E000B0E63 /* Swift_Life.xcdatamodel */ = {isa = PBXFileReference; lastKnownFileType = wrapper.xcdatamodel; path = Swift_Life.xcdatamodel; sourceTree = "<group>"; };
		8332FCA31C6C676E000B0E63 /* Assets.xcassets */ = {isa = PBXFileReference; lastKnownFileType = folder.assetcatalog; path = Assets.xcassets; sourceTree = "<group>"; };
		8332FCA61C6C676E000B0E63 /* Base */ = {isa = PBXFileReference; lastKnownFileType = file.storyboard; name = Base; path = Base.lproj/LaunchScreen.storyboard; sourceTree = "<group>"; };
		8332FCA81C6C676E000B0E63 /* Info.plist */ = {isa = PBXFileReference; lastKnownFileType = text.plist.xml; path = Info.plist; sourceTree = "<group>"; };
		8332FCAD1C6C676F000B0E63 /* Swift_LifeTests.xctest */ = {isa = PBXFileReference; explicitFileType = wrapper.cfbundle; includeInIndex = 0; path = Swift_LifeTests.xctest; sourceTree = BUILT_PRODUCTS_DIR; };
		8332FCB11C6C676F000B0E63 /* Swift_LifeTests.swift */ = {isa = PBXFileReference; lastKnownFileType = sourcecode.swift; path = Swift_LifeTests.swift; sourceTree = "<group>"; };
		8332FCB31C6C676F000B0E63 /* Info.plist */ = {isa = PBXFileReference; lastKnownFileType = text.plist.xml; path = Info.plist; sourceTree = "<group>"; };
		8332FCB81C6C676F000B0E63 /* Swift_LifeUITests.xctest */ = {isa = PBXFileReference; explicitFileType = wrapper.cfbundle; includeInIndex = 0; path = Swift_LifeUITests.xctest; sourceTree = BUILT_PRODUCTS_DIR; };
		8332FCBC1C6C676F000B0E63 /* Swift_LifeUITests.swift */ = {isa = PBXFileReference; lastKnownFileType = sourcecode.swift; path = Swift_LifeUITests.swift; sourceTree = "<group>"; };
		8332FCBE1C6C676F000B0E63 /* Info.plist */ = {isa = PBXFileReference; lastKnownFileType = text.plist.xml; path = Info.plist; sourceTree = "<group>"; };
		8332FCD21C6D597D000B0E63 /* Board.swift */ = {isa = PBXFileReference; fileEncoding = 4; lastKnownFileType = sourcecode.swift; path = Board.swift; sourceTree = "<group>"; };
		8332FCD61C6D5B74000B0E63 /* Matrix.swift */ = {isa = PBXFileReference; fileEncoding = 4; lastKnownFileType = sourcecode.swift; path = Matrix.swift; sourceTree = "<group>"; };
		8332FCD81C6D5CA9000B0E63 /* Cell.swift */ = {isa = PBXFileReference; fileEncoding = 4; lastKnownFileType = sourcecode.swift; path = Cell.swift; sourceTree = "<group>"; };
		8388E8291C7167A300945B17 /* BoardView.swift */ = {isa = PBXFileReference; fileEncoding = 4; lastKnownFileType = sourcecode.swift; path = BoardView.swift; sourceTree = "<group>"; };
		8388E82B1C71689600945B17 /* GameVC.swift */ = {isa = PBXFileReference; fileEncoding = 4; lastKnownFileType = sourcecode.swift; path = GameVC.swift; sourceTree = "<group>"; };
/* End PBXFileReference section */

/* Begin PBXFrameworksBuildPhase section */
		8332FC931C6C676E000B0E63 /* Frameworks */ = {
			isa = PBXFrameworksBuildPhase;
			buildActionMask = 2147483647;
			files = (
			);
			runOnlyForDeploymentPostprocessing = 0;
		};
		8332FCAA1C6C676F000B0E63 /* Frameworks */ = {
			isa = PBXFrameworksBuildPhase;
			buildActionMask = 2147483647;
			files = (
			);
			runOnlyForDeploymentPostprocessing = 0;
		};
		8332FCB51C6C676F000B0E63 /* Frameworks */ = {
			isa = PBXFrameworksBuildPhase;
			buildActionMask = 2147483647;
			files = (
			);
			runOnlyForDeploymentPostprocessing = 0;
		};
/* End PBXFrameworksBuildPhase section */

/* Begin PBXGroup section */
		8332FC8D1C6C676E000B0E63 = {
			isa = PBXGroup;
			children = (
				8332FC981C6C676E000B0E63 /* Swift_Life */,
				8332FCB01C6C676F000B0E63 /* Swift_LifeTests */,
				8332FCBB1C6C676F000B0E63 /* Swift_LifeUITests */,
				8332FC971C6C676E000B0E63 /* Products */,
			);
			sourceTree = "<group>";
		};
		8332FC971C6C676E000B0E63 /* Products */ = {
			isa = PBXGroup;
			children = (
				8332FC961C6C676E000B0E63 /* Swift_Life.app */,
				8332FCAD1C6C676F000B0E63 /* Swift_LifeTests.xctest */,
				8332FCB81C6C676F000B0E63 /* Swift_LifeUITests.xctest */,
			);
			name = Products;
			sourceTree = "<group>";
		};
		8332FC981C6C676E000B0E63 /* Swift_Life */ = {
			isa = PBXGroup;
			children = (
				8332FC991C6C676E000B0E63 /* AppDelegate.swift */,
				8388E82B1C71689600945B17 /* GameVC.swift */,
				8332FCD21C6D597D000B0E63 /* Board.swift */,
				8388E8291C7167A300945B17 /* BoardView.swift */,
				8332FCD81C6D5CA9000B0E63 /* Cell.swift */,
				8332FCD61C6D5B74000B0E63 /* Matrix.swift */,
				8332FC9D1C6C676E000B0E63 /* Main.storyboard */,
				8332FCA31C6C676E000B0E63 /* Assets.xcassets */,
				8332FCA51C6C676E000B0E63 /* LaunchScreen.storyboard */,
				8332FCA81C6C676E000B0E63 /* Info.plist */,
				8332FCA01C6C676E000B0E63 /* Swift_Life.xcdatamodeld */,
			);
			path = Swift_Life;
			sourceTree = "<group>";
		};
		8332FCB01C6C676F000B0E63 /* Swift_LifeTests */ = {
			isa = PBXGroup;
			children = (
				8332FCB11C6C676F000B0E63 /* Swift_LifeTests.swift */,
				8332FCB31C6C676F000B0E63 /* Info.plist */,
			);
			path = Swift_LifeTests;
			sourceTree = "<group>";
		};
		8332FCBB1C6C676F000B0E63 /* Swift_LifeUITests */ = {
			isa = PBXGroup;
			children = (
				8332FCBC1C6C676F000B0E63 /* Swift_LifeUITests.swift */,
				8332FCBE1C6C676F000B0E63 /* Info.plist */,
			);
			path = Swift_LifeUITests;
			sourceTree = "<group>";
		};
/* End PBXGroup section */

/* Begin PBXNativeTarget section */
		8332FC951C6C676E000B0E63 /* Swift_Life */ = {
			isa = PBXNativeTarget;
			buildConfigurationList = 8332FCC11C6C676F000B0E63 /* Build configuration list for PBXNativeTarget "Swift_Life" */;
			buildPhases = (
				8332FC921C6C676E000B0E63 /* Sources */,
				8332FC931C6C676E000B0E63 /* Frameworks */,
				8332FC941C6C676E000B0E63 /* Resources */,
			);
			buildRules = (
			);
			dependencies = (
			);
			name = Swift_Life;
			productName = Swift_Life;
			productReference = 8332FC961C6C676E000B0E63 /* Swift_Life.app */;
			productType = "com.apple.product-type.application";
		};
		8332FCAC1C6C676F000B0E63 /* Swift_LifeTests */ = {
			isa = PBXNativeTarget;
			buildConfigurationList = 8332FCC41C6C676F000B0E63 /* Build configuration list for PBXNativeTarget "Swift_LifeTests" */;
			buildPhases = (
				8332FCA91C6C676F000B0E63 /* Sources */,
				8332FCAA1C6C676F000B0E63 /* Frameworks */,
				8332FCAB1C6C676F000B0E63 /* Resources */,
			);
			buildRules = (
			);
			dependencies = (
				8332FCAF1C6C676F000B0E63 /* PBXTargetDependency */,
			);
			name = Swift_LifeTests;
			productName = Swift_LifeTests;
			productReference = 8332FCAD1C6C676F000B0E63 /* Swift_LifeTests.xctest */;
			productType = "com.apple.product-type.bundle.unit-test";
		};
		8332FCB71C6C676F000B0E63 /* Swift_LifeUITests */ = {
			isa = PBXNativeTarget;
			buildConfigurationList = 8332FCC71C6C676F000B0E63 /* Build configuration list for PBXNativeTarget "Swift_LifeUITests" */;
			buildPhases = (
				8332FCB41C6C676F000B0E63 /* Sources */,
				8332FCB51C6C676F000B0E63 /* Frameworks */,
				8332FCB61C6C676F000B0E63 /* Resources */,
			);
			buildRules = (
			);
			dependencies = (
				8332FCBA1C6C676F000B0E63 /* PBXTargetDependency */,
			);
			name = Swift_LifeUITests;
			productName = Swift_LifeUITests;
			productReference = 8332FCB81C6C676F000B0E63 /* Swift_LifeUITests.xctest */;
			productType = "com.apple.product-type.bundle.ui-testing";
		};
/* End PBXNativeTarget section */

/* Begin PBXProject section */
		8332FC8E1C6C676E000B0E63 /* Project object */ = {
			isa = PBXProject;
			attributes = {
				LastSwiftUpdateCheck = 0720;
				LastUpgradeCheck = 0720;
				ORGANIZATIONNAME = "Christopher Scalcucci";
				TargetAttributes = {
					8332FC951C6C676E000B0E63 = {
						CreatedOnToolsVersion = 7.2;
					};
					8332FCAC1C6C676F000B0E63 = {
						CreatedOnToolsVersion = 7.2;
						TestTargetID = 8332FC951C6C676E000B0E63;
					};
					8332FCB71C6C676F000B0E63 = {
						CreatedOnToolsVersion = 7.2;
						TestTargetID = 8332FC951C6C676E000B0E63;
					};
				};
			};
			buildConfigurationList = 8332FC911C6C676E000B0E63 /* Build configuration list for PBXProject "Swift_Life" */;
			compatibilityVersion = "Xcode 3.2";
			developmentRegion = English;
			hasScannedForEncodings = 0;
			knownRegions = (
				en,
				Base,
			);
			mainGroup = 8332FC8D1C6C676E000B0E63;
			productRefGroup = 8332FC971C6C676E000B0E63 /* Products */;
			projectDirPath = "";
			projectRoot = "";
			targets = (
				8332FC951C6C676E000B0E63 /* Swift_Life */,
				8332FCAC1C6C676F000B0E63 /* Swift_LifeTests */,
				8332FCB71C6C676F000B0E63 /* Swift_LifeUITests */,
			);
		};
/* End PBXProject section */

/* Begin PBXResourcesBuildPhase section */
		8332FC941C6C676E000B0E63 /* Resources */ = {
			isa = PBXResourcesBuildPhase;
			buildActionMask = 2147483647;
			files = (
				8332FCA71C6C676E000B0E63 /* LaunchScreen.storyboard in Resources */,
				8332FCA41C6C676E000B0E63 /* Assets.xcassets in Resources */,
				8332FC9F1C6C676E000B0E63 /* Main.storyboard in Resources */,
			);
			runOnlyForDeploymentPostprocessing = 0;
		};
		8332FCAB1C6C676F000B0E63 /* Resources */ = {
			isa = PBXResourcesBuildPhase;
			buildActionMask = 2147483647;
			files = (
			);
			runOnlyForDeploymentPostprocessing = 0;
		};
		8332FCB61C6C676F000B0E63 /* Resources */ = {
			isa = PBXResourcesBuildPhase;
			buildActionMask = 2147483647;
			files = (
			);
			runOnlyForDeploymentPostprocessing = 0;
		};
/* End PBXResourcesBuildPhase section */

/* Begin PBXSourcesBuildPhase section */
		8332FC921C6C676E000B0E63 /* Sources */ = {
			isa = PBXSourcesBuildPhase;
			buildActionMask = 2147483647;
			files = (
				8332FCA21C6C676E000B0E63 /* Swift_Life.xcdatamodeld in Sources */,
				8332FC9A1C6C676E000B0E63 /* AppDelegate.swift in Sources */,
				8332FCD71C6D5B74000B0E63 /* Matrix.swift in Sources */,
				8388E82A1C7167A400945B17 /* BoardView.swift in Sources */,
				8332FCD91C6D5CA9000B0E63 /* Cell.swift in Sources */,
				8332FCD31C6D597D000B0E63 /* Board.swift in Sources */,
				8388E82C1C71689600945B17 /* GameVC.swift in Sources */,
			);
			runOnlyForDeploymentPostprocessing = 0;
		};
		8332FCA91C6C676F000B0E63 /* Sources */ = {
			isa = PBXSourcesBuildPhase;
			buildActionMask = 2147483647;
			files = (
				8332FCB21C6C676F000B0E63 /* Swift_LifeTests.swift in Sources */,
			);
			runOnlyForDeploymentPostprocessing = 0;
		};
		8332FCB41C6C676F000B0E63 /* Sources */ = {
			isa = PBXSourcesBuildPhase;
			buildActionMask = 2147483647;
			files = (
				8332FCBD1C6C676F000B0E63 /* Swift_LifeUITests.swift in Sources */,
			);
			runOnlyForDeploymentPostprocessing = 0;
		};
/* End PBXSourcesBuildPhase section */

/* Begin PBXTargetDependency section */
		8332FCAF1C6C676F000B0E63 /* PBXTargetDependency */ = {
			isa = PBXTargetDependency;
			target = 8332FC951C6C676E000B0E63 /* Swift_Life */;
			targetProxy = 8332FCAE1C6C676F000B0E63 /* PBXContainerItemProxy */;
		};
		8332FCBA1C6C676F000B0E63 /* PBXTargetDependency */ = {
			isa = PBXTargetDependency;
			target = 8332FC951C6C676E000B0E63 /* Swift_Life */;
			targetProxy = 8332FCB91C6C676F000B0E63 /* PBXContainerItemProxy */;
		};
/* End PBXTargetDependency section */

/* Begin PBXVariantGroup section */
		8332FC9D1C6C676E000B0E63 /* Main.storyboard */ = {
			isa = PBXVariantGroup;
			children = (
				8332FC9E1C6C676E000B0E63 /* Base */,
			);
			name = Main.storyboard;
			sourceTree = "<group>";
		};
		8332FCA51C6C676E000B0E63 /* LaunchScreen.storyboard */ = {
			isa = PBXVariantGroup;
			children = (
				8332FCA61C6C676E000B0E63 /* Base */,
			);
			name = LaunchScreen.storyboard;
			sourceTree = "<group>";
		};
/* End PBXVariantGroup section */

/* Begin XCBuildConfiguration section */
		8332FCBF1C6C676F000B0E63 /* Debug */ = {
			isa = XCBuildConfiguration;
			buildSettings = {
				ALWAYS_SEARCH_USER_PATHS = NO;
				CLANG_CXX_LANGUAGE_STANDARD = "gnu++0x";
				CLANG_CXX_LIBRARY = "libc++";
				CLANG_ENABLE_MODULES = YES;
				CLANG_ENABLE_OBJC_ARC = YES;
				CLANG_WARN_BOOL_CONVERSION = YES;
				CLANG_WARN_CONSTANT_CONVERSION = YES;
				CLANG_WARN_DIRECT_OBJC_ISA_USAGE = YES_ERROR;
				CLANG_WARN_EMPTY_BODY = YES;
				CLANG_WARN_ENUM_CONVERSION = YES;
				CLANG_WARN_INT_CONVERSION = YES;
				CLANG_WARN_OBJC_ROOT_CLASS = YES_ERROR;
				CLANG_WARN_UNREACHABLE_CODE = YES;
				CLANG_WARN__DUPLICATE_METHOD_MATCH = YES;
				"CODE_SIGN_IDENTITY[sdk=iphoneos*]" = "iPhone Developer";
				COPY_PHASE_STRIP = NO;
				DEBUG_INFORMATION_FORMAT = dwarf;
				ENABLE_STRICT_OBJC_MSGSEND = YES;
				ENABLE_TESTABILITY = YES;
				GCC_C_LANGUAGE_STANDARD = gnu99;
				GCC_DYNAMIC_NO_PIC = NO;
				GCC_NO_COMMON_BLOCKS = YES;
				GCC_OPTIMIZATION_LEVEL = 0;
				GCC_PREPROCESSOR_DEFINITIONS = (
					"DEBUG=1",
					"$(inherited)",
				);
				GCC_WARN_64_TO_32_BIT_CONVERSION = YES;
				GCC_WARN_ABOUT_RETURN_TYPE = YES_ERROR;
				GCC_WARN_UNDECLARED_SELECTOR = YES;
				GCC_WARN_UNINITIALIZED_AUTOS = YES_AGGRESSIVE;
				GCC_WARN_UNUSED_FUNCTION = YES;
				GCC_WARN_UNUSED_VARIABLE = YES;
				IPHONEOS_DEPLOYMENT_TARGET = 9.2;
				MTL_ENABLE_DEBUG_INFO = YES;
				ONLY_ACTIVE_ARCH = YES;
				SDKROOT = iphoneos;
				SWIFT_OPTIMIZATION_LEVEL = "-Onone";
				TARGETED_DEVICE_FAMILY = "1,2";
			};
			name = Debug;
		};
		8332FCC01C6C676F000B0E63 /* Release */ = {
			isa = XCBuildConfiguration;
			buildSettings = {
				ALWAYS_SEARCH_USER_PATHS = NO;
				CLANG_CXX_LANGUAGE_STANDARD = "gnu++0x";
				CLANG_CXX_LIBRARY = "libc++";
				CLANG_ENABLE_MODULES = YES;
				CLANG_ENABLE_OBJC_ARC = YES;
				CLANG_WARN_BOOL_CONVERSION = YES;
				CLANG_WARN_CONSTANT_CONVERSION = YES;
				CLANG_WARN_DIRECT_OBJC_ISA_USAGE = YES_ERROR;
				CLANG_WARN_EMPTY_BODY = YES;
				CLANG_WARN_ENUM_CONVERSION = YES;
				CLANG_WARN_INT_CONVERSION = YES;
				CLANG_WARN_OBJC_ROOT_CLASS = YES_ERROR;
				CLANG_WARN_UNREACHABLE_CODE = YES;
				CLANG_WARN__DUPLICATE_METHOD_MATCH = YES;
				"CODE_SIGN_IDENTITY[sdk=iphoneos*]" = "iPhone Developer";
				COPY_PHASE_STRIP = NO;
				DEBUG_INFORMATION_FORMAT = "dwarf-with-dsym";
				ENABLE_NS_ASSERTIONS = NO;
				ENABLE_STRICT_OBJC_MSGSEND = YES;
				GCC_C_LANGUAGE_STANDARD = gnu99;
				GCC_NO_COMMON_BLOCKS = YES;
				GCC_WARN_64_TO_32_BIT_CONVERSION = YES;
				GCC_WARN_ABOUT_RETURN_TYPE = YES_ERROR;
				GCC_WARN_UNDECLARED_SELECTOR = YES;
				GCC_WARN_UNINITIALIZED_AUTOS = YES_AGGRESSIVE;
				GCC_WARN_UNUSED_FUNCTION = YES;
				GCC_WARN_UNUSED_VARIABLE = YES;
				IPHONEOS_DEPLOYMENT_TARGET = 9.2;
				MTL_ENABLE_DEBUG_INFO = NO;
				SDKROOT = iphoneos;
				TARGETED_DEVICE_FAMILY = "1,2";
				VALIDATE_PRODUCT = YES;
			};
			name = Release;
		};
		8332FCC21C6C676F000B0E63 /* Debug */ = {
			isa = XCBuildConfiguration;
			buildSettings = {
				ASSETCATALOG_COMPILER_APPICON_NAME = AppIcon;
				INFOPLIST_FILE = Swift_Life/Info.plist;
				LD_RUNPATH_SEARCH_PATHS = "$(inherited) @executable_path/Frameworks";
				PRODUCT_BUNDLE_IDENTIFIER = "Aphelion.Swift-Life";
				PRODUCT_NAME = "$(TARGET_NAME)";
				TARGETED_DEVICE_FAMILY = "1,2";
			};
			name = Debug;
		};
		8332FCC31C6C676F000B0E63 /* Release */ = {
			isa = XCBuildConfiguration;
			buildSettings = {
				ASSETCATALOG_COMPILER_APPICON_NAME = AppIcon;
				INFOPLIST_FILE = Swift_Life/Info.plist;
				LD_RUNPATH_SEARCH_PATHS = "$(inherited) @executable_path/Frameworks";
				PRODUCT_BUNDLE_IDENTIFIER = "Aphelion.Swift-Life";
				PRODUCT_NAME = "$(TARGET_NAME)";
				TARGETED_DEVICE_FAMILY = "1,2";
			};
			name = Release;
		};
		8332FCC51C6C676F000B0E63 /* Debug */ = {
			isa = XCBuildConfiguration;
			buildSettings = {
				BUNDLE_LOADER = "$(TEST_HOST)";
				INFOPLIST_FILE = Swift_LifeTests/Info.plist;
				LD_RUNPATH_SEARCH_PATHS = "$(inherited) @executable_path/Frameworks @loader_path/Frameworks";
				PRODUCT_BUNDLE_IDENTIFIER = "Aphelion.Swift-LifeTests";
				PRODUCT_NAME = "$(TARGET_NAME)";
				TEST_HOST = "$(BUILT_PRODUCTS_DIR)/Swift_Life.app/Swift_Life";
			};
			name = Debug;
		};
		8332FCC61C6C676F000B0E63 /* Release */ = {
			isa = XCBuildConfiguration;
			buildSettings = {
				BUNDLE_LOADER = "$(TEST_HOST)";
				INFOPLIST_FILE = Swift_LifeTests/Info.plist;
				LD_RUNPATH_SEARCH_PATHS = "$(inherited) @executable_path/Frameworks @loader_path/Frameworks";
				PRODUCT_BUNDLE_IDENTIFIER = "Aphelion.Swift-LifeTests";
				PRODUCT_NAME = "$(TARGET_NAME)";
				TEST_HOST = "$(BUILT_PRODUCTS_DIR)/Swift_Life.app/Swift_Life";
			};
			name = Release;
		};
		8332FCC81C6C676F000B0E63 /* Debug */ = {
			isa = XCBuildConfiguration;
			buildSettings = {
				INFOPLIST_FILE = Swift_LifeUITests/Info.plist;
				LD_RUNPATH_SEARCH_PATHS = "$(inherited) @executable_path/Frameworks @loader_path/Frameworks";
				PRODUCT_BUNDLE_IDENTIFIER = "Aphelion.Swift-LifeUITests";
				PRODUCT_NAME = "$(TARGET_NAME)";
				TEST_TARGET_NAME = Swift_Life;
				USES_XCTRUNNER = YES;
			};
			name = Debug;
		};
		8332FCC91C6C676F000B0E63 /* Release */ = {
			isa = XCBuildConfiguration;
			buildSettings = {
				INFOPLIST_FILE = Swift_LifeUITests/Info.plist;
				LD_RUNPATH_SEARCH_PATHS = "$(inherited) @executable_path/Frameworks @loader_path/Frameworks";
				PRODUCT_BUNDLE_IDENTIFIER = "Aphelion.Swift-LifeUITests";
				PRODUCT_NAME = "$(TARGET_NAME)";
				TEST_TARGET_NAME = Swift_Life;
				USES_XCTRUNNER = YES;
			};
			name = Release;
		};
/* End XCBuildConfiguration section */

/* Begin XCConfigurationList section */
		8332FC911C6C676E000B0E63 /* Build configuration list for PBXProject "Swift_Life" */ = {
			isa = XCConfigurationList;
			buildConfigurations = (
				8332FCBF1C6C676F000B0E63 /* Debug */,
				8332FCC01C6C676F000B0E63 /* Release */,
			);
			defaultConfigurationIsVisible = 0;
			defaultConfigurationName = Release;
		};
		8332FCC11C6C676F000B0E63 /* Build configuration list for PBXNativeTarget "Swift_Life" */ = {
			isa = XCConfigurationList;
			buildConfigurations = (
				8332FCC21C6C676F000B0E63 /* Debug */,
				8332FCC31C6C676F000B0E63 /* Release */,
			);
			defaultConfigurationIsVisible = 0;
			defaultConfigurationName = Release;
		};
		8332FCC41C6C676F000B0E63 /* Build configuration list for PBXNativeTarget "Swift_LifeTests" */ = {
			isa = XCConfigurationList;
			buildConfigurations = (
				8332FCC51C6C676F000B0E63 /* Debug */,
				8332FCC61C6C676F000B0E63 /* Release */,
			);
			defaultConfigurationIsVisible = 0;
			defaultConfigurationName = Release;
		};
		8332FCC71C6C676F000B0E63 /* Build configuration list for PBXNativeTarget "Swift_LifeUITests" */ = {
			isa = XCConfigurationList;
			buildConfigurations = (
				8332FCC81C6C676F000B0E63 /* Debug */,
				8332FCC91C6C676F000B0E63 /* Release */,
			);
			defaultConfigurationIsVisible = 0;
			defaultConfigurationName = Release;
		};
/* End XCConfigurationList section */

/* Begin XCVersionGroup section */
		8332FCA01C6C676E000B0E63 /* Swift_Life.xcdatamodeld */ = {
			isa = XCVersionGroup;
			children = (
				8332FCA11C6C676E000B0E63 /* Swift_Life.xcdatamodel */,
			);
			currentVersion = 8332FCA11C6C676E000B0E63 /* Swift_Life.xcdatamodel */;
			path = Swift_Life.xcdatamodeld;
			sourceTree = "<group>";
			versionGroupType = wrapper.xcdatamodel;
		};
/* End XCVersionGroup section */
	};
	rootObject = 8332FC8E1C6C676E000B0E63 /* Project object */;
}
